
Microsoft Visual Studio Solution File, Format Version 12.00
# Visual Studio Version 17
VisualStudioVersion = 17.1.32210.238
MinimumVisualStudioVersion = 10.0.40219.1
Project("{FAE04EC0-301F-11D3-BF4B-00C04F79EFBC}") = "S6", "S6\S6.csproj", "{43FBC41B-8EB6-4A96-824F-2C88BF25A4A0}"
EndProject
Global
	GlobalSection(SolutionConfigurationPlatforms) = preSolution
		Debug|Any CPU = Debug|Any CPU
		Release|Any CPU = Release|Any CPU
	EndGlobalSection
	GlobalSection(ProjectConfigurationPlatforms) = postSolution
		{43FBC41B-8EB6-4A96-824F-2C88BF25A4A0}.Debug|Any CPU.ActiveCfg = Debug|Any CPU
		{43FBC41B-8EB6-4A96-824F-2C88BF25A4A0}.Debug|Any CPU.Build.0 = Debug|Any CPU
		{43FBC41B-8EB6-4A96-824F-2C88BF25A4A0}.Release|Any CPU.ActiveCfg = Release|Any CPU
		{43FBC41B-8EB6-4A96-824F-2C88BF25A4A0}.Release|Any CPU.Build.0 = Release|Any CPU
	EndGlobalSection
	GlobalSection(SolutionProperties) = preSolution
		HideSolutionNode = FALSE
	EndGlobalSection
	GlobalSection(ExtensibilityGlobals) = postSolution
		SolutionGuid = {86ADD3DA-77D4-4720-BB84-D78C8384F940}
	EndGlobalSection
EndGlobal
